# Resolved Linux x86_64 CPython 3.11 wheels, constrained by Windows engine lock.
aiohappyeyeballs==2.7.1 --hash=sha256:9243213661e29250eb41368e5daa826fc017156c3b8a11440826b2e3ed376472
aiohttp==3.14.3 --hash=sha256:53e7b4ce82b54a8bcc71b3b67a5cbd177ca1d7f592cbc92cd38b7349f73482db
aiosignal==1.4.0 --hash=sha256:053243f8b92b990551949e63930a839ff0cf0b0ebbe0597b0f3fb19e1a0fe82e
aistudio_sdk==0.3.9 --hash=sha256:41621d052ddb7a58643438a7ca541f58ef0ab94a2acdfff0a71db81bf68dc027
annotated-types==0.8.0 --hash=sha256:f072f4d804ea359e4eaf198b1af7a8b0943881a87f31bb764f8bf219bb9419e0
anyio==4.14.2 --hash=sha256:9f505dda5ac9f0c8309b5e8bd445a8c2bf7246f3ce950121e45ea15bc41d1494
attrs==26.1.0 --hash=sha256:c647aa4a12dfbad9333ca4e71fe62ddc36f4e63b2d260a37a8b83d2f043ac309
bce-python-sdk==0.9.76 --hash=sha256:e629181d060f4ed8f29749f47139bf08f1f9b0d8b15daedc956900785587e8d8
beautifulsoup4==4.15.0 --hash=sha256:d6f88de62e1d4e38ecb1077eb9724cd0eff29d2a08ca16a401e9b9e93f117cf9
cachetools==7.1.7 --hash=sha256:ef98ef375ad188819ef2f9b3645e3987f4b8c5b7550e436ad998c2de78296df0
certifi==2026.7.22 --hash=sha256:62f22742b58a1a33014a2b6b706588a8d7e2a88ae7bd1a6ebe8c992928483775
cffi==2.1.1 --hash=sha256:34e261f78cb6ceaaa36f42f2613f4380d94d9c759a9c73c769ee6e0247364632
chardet==7.5.1 --hash=sha256:a599a836fbd41ff5a2a0c20e211da13ba8cc14dcba1e4bcfad8a7bcad64a2ff6
charset-normalizer==3.5.0 --hash=sha256:815f143a91983ba3041bba066e492ae3c42de523fb1c699685a1abf3313b7d1b
click==8.4.2 --hash=sha256:e6f9f66136c816745b9d65817da91d61d957fb16e02e4dcd0552553c5a197b76
cloudpickle==3.1.2 --hash=sha256:9acb47f6afd73f60dc1df93bb801b472f05ff42fa6c84167d25cb206be1fbf4a
colorlog==6.12.0 --hash=sha256:30d392604e9110045a2c2aeefc27d7a017abbab63f3a8aee594eac0801df784e
crc32c==2.8 --hash=sha256:711743da6ccc70b3c6718c328947b0b6f34a1fe6a6c27cc6c1d69cc226bf70e9
cryptography==50.0.1 --hash=sha256:51afcfceb15597cf2635068e4ac9a56b2abde622edde17f37d85fd7b5306497a
cssselect==1.5.0 --hash=sha256:1d1aded98e82bdde447ded990a191fd6916177c4f0c914fb62eccd58e2ffcdcc
cssutils==2.15.0 --hash=sha256:207faa466810a1aef109261673f2458356d0839ddedaebc0ee553376290fb6a9
distro==1.9.0 --hash=sha256:7bffd925d65168f85027d8da9af6bddab658135b840670a223589bc0c8ef02b2
einops==0.8.2 --hash=sha256:54058201ac7087911181bfec4af6091bb59380360f069276601256a76af08193
encutils==1.0.0 --hash=sha256:605297da19a23d1b2da7d3b9bd75513acc979e9facf03aa7ec7ba04b5f567a79
et_xmlfile==2.0.0 --hash=sha256:7a91720bc756843502c3b7504c77b8fe44217c85c537d85037f0f536151b2caa
filelock==3.32.3 --hash=sha256:7f0ca4bcc0e181c60dbbd8aa9ab5b120ebb99e4e064e83636340056f833a1f09
frozenlist==1.8.0 --hash=sha256:2552f44204b744fba866e573be4c1f9048d6a324dfe14475103fd51613eb1d1f
fsspec==2026.7.0 --hash=sha256:b57ddbafedfaef7018c1ecab32aa200a9d7ca26b77965f64e48b70061249d279
ftfy==6.3.1 --hash=sha256:7c70eb532015cd2f9adb53f101fb6c7945988d023a085d127d1573dc49dd0083
future==1.0.0 --hash=sha256:929292d34f5872e70396626ef385ec22355a1fae8ad29e1a734c3e43f9fbc216
h11==0.16.0 --hash=sha256:63cf8bbe7522de3bf65932fda1d9c2772064ffb3dae62d55932da54b31cb6c86
hf-xet==1.6.0 --hash=sha256:d62671bb130879cef0ee4c9ebe47a14af6c66ec53e6d84dc15936e5ffdfac82f
httpcore==1.0.9 --hash=sha256:2d400746a40668fc9dec9810239072b40b4484b640a8c38fd654a024c7a1bf55
httpcore2==2.10.0 --hash=sha256:7df06cfb34070cae4f7c89be69dc1095eca138e9704ceffb98d25c1912ab6f01
httpx==0.28.1 --hash=sha256:d909fcccc110f8c7faf814ca82a9a4d816bc5a6dbfea25d6591d6985b8ba59ad
httpx2==2.10.0 --hash=sha256:5e3194a432701e1cc6f69a8b1b2fa199ef907013fede8d9a09a2c5b7b8141a18
huggingface_hub==1.27.0 --hash=sha256:7df6827c2f956c60fbaa64646e979e566db76f619dd0a9729dfb8c5a3eb4f68d
idna==3.18 --hash=sha256:7f952cbe720b688055e3f87de14f5c3e5fdaa8bc3928985c4077ca689de849a2
imagesize==2.0.0 --hash=sha256:5667c5bbb57ab3f1fa4bc366f4fbc971db3d5ed011fd2715fd8001f782718d96
img2table==2.0.0 --hash=sha256:f59259e7e8fc52d74b6ff377318125995dba75acb91c1f7a08d1f27ca5b5e9af
Jinja2==3.1.6 --hash=sha256:85ece4451f492d0c13c5dd7c13a64681a86afae63a5f347908daf103ce6d2f67
jiter==0.16.0 --hash=sha256:8597d23c87f59294f83bcb6229b9ed1fccee13dbba967b46930d2f1759466fee
joblib==1.5.3 --hash=sha256:5fc3c5039fc5ca8c0276333a188bbd59d6b7ab37fe6632daa76bc7f9ec18e713
latex2mathml==3.81.0 --hash=sha256:d317710393fe20579aea39cfe8928fa2ad9b8780896e585326c75e89c1d1d1a4
lxml==6.1.1 --hash=sha256:18b73c339ae29b90fd2d06e58ebd555a751bde9cd6bbd36cc0281b9a2c94e9d8
MarkupSafe==3.0.3 --hash=sha256:0bf2a864d67e76e5c9a34dc26ec616a66b9888e25e7b9460e1c76d3293bd9dbf
modelscope==1.39.1 --hash=sha256:c1567b9d319b11d815832d13c11f71a6413b19cf6374cef6937c54d830552a97
modelscope-hub==0.2.0 --hash=sha256:84668c80c1d36d1fb1ea1ce17b707d77e044b92255288618c3b7de5b13834418
more-itertools==11.1.0 --hash=sha256:4b65538ae22f6fed0ce4874efd317463a7489796a0939fa66824dd542125a192
multidict==6.7.1 --hash=sha256:439cbebd499f92e9aa6793016a8acaa161dfa749ae86d20960189f5398a19144
narwhals==2.24.0 --hash=sha256:42fdedf44e5b2ca7505630d45b4ac3058f38d8485cba9fe1652ca23152df7489
networkx==3.6.1 --hash=sha256:d47fbf302e7d9cbbb9e2555a0d267983d2aa476bac30e90dfbe5669bd57f3762
numpy==2.3.5 --hash=sha256:8cba086a43d54ca804ce711b2a940b16e452807acebe7852ff327f1ecd49b0d4
openai==3.0.0 --hash=sha256:8d32ac3a6647a66910d6cb8a64f0fa5a6c823604b6e82db83d9d055c6709bd51
opencv-contrib-python==4.10.0.84 --hash=sha256:a261223db41f6e512d76deaf21c8fcfb4fbbcbc2de62ca7f74a05f2c9ee489ef
openpyxl==3.1.5 --hash=sha256:5282c12b107bffeef825f4617dc029afaf41d0ea60823bbb665ef3079dc79de2
opt-einsum==3.3.0 --hash=sha256:2455e59e3947d3c275477df7f5205b30635e266fe6dc300e3d9f9646bfcea147
packaging==26.3 --hash=sha256:d7193f7c8e4e93f444fde0262bf90af30e16fa0ad0ad44cb553c87339b23cd1c
paddleocr==3.7.0 --hash=sha256:c0f0a81ad4112727f30c6fcf986ac0ef6a120d31ee0991a01fae0357ee32d338
paddlepaddle==3.2.2 --hash=sha256:c30489fe7f4533252d54655dbe02c136818df8ec6ab241306691ed6462de0eba
paddlex==3.7.2 --hash=sha256:f1678bf650bbaccfd8f0d4e49d0ae631b4685c829fdae6e802ccd90d4fcb9a7f
pandas==3.0.5 --hash=sha256:2c0cf1dd9b55a22d105fc46c1b489af3bd42264fcba7c66297bf47a9a1d9c78a
pillow==11.3.0 --hash=sha256:106064daa23a745510dabce1d84f29137a37224831d88eb4ce94bb187b1d7e5f
premailer==3.10.0 --hash=sha256:021b8196364d7df96d04f9ade51b794d0b77bcc19e998321c515633a2273be1a
prettytable==3.18.0 --hash=sha256:b3346e0e6f79180833aebaac088ae926340586cf6d7d991b9eb125b65f72313a
propcache==0.5.2 --hash=sha256:5aaa2b923c1944ac8febd6609cb373540a5563e7cbcb0fd770f75dace2eb817b
protobuf==7.35.1 --hash=sha256:74758715c53d7158fb76caf4f0cfdacc5329a4b1bb994f865d6cf302d413a1c4
psutil==7.2.2 --hash=sha256:076a2d2f923fd4821644f5ba89f059523da90dc9014e85f8e45a5774ca5bc6f9
py-cpuinfo==9.0.0 --hash=sha256:859625bc251f64e21f077d099d4162689c762b5d6a4c3c97553d56241c9674d5
pyclipper==1.4.0 --hash=sha256:1b6c8d75ba20c6433c9ea8f1a0feb7e4d3ac06a09ad1fd6d571afc1ddf89b869
pycparser==3.0 --hash=sha256:b727414169a36b7d524c1c3e31839a521725078d7b2ff038656844266160a992
pycryptodome==3.23.0 --hash=sha256:c8987bd3307a39bc03df5c8e0e3d8be0c4c3518b7f044b0f4c15d1aa78f52575
pydantic==2.13.4 --hash=sha256:45a282cde31d808236fd7ea9d919b128653c8b38b393d1c4ab335c62924d9aba
pydantic_core==2.46.4 --hash=sha256:f9fa868638bf362d3d138ea55829cefb3d5f4b0d7f142234382a15e2485dbec4
PyMuPDF==1.26.3 --hash=sha256:454f38c8cf07eb333eb4646dca10517b6e90f57ce2daa2265a78064109d85555
pypdfium2==5.13.0 --hash=sha256:81df25c1ab4c13ff773102d3cbea1967511d079123b067fc077bd0c4d57d91d8
python-bidi==0.6.11 --hash=sha256:acccb6d90e694684db2d314db2e2b0d3b8949bf1cfaec6d9808a8889f548add7
python-dateutil==2.9.0.post0 --hash=sha256:a8b2bc7bffae282281c8140a97d3aa9c14da0b136dfe83f850eea9a5f7470427
PyYAML==6.0.2 --hash=sha256:3ad2a3decf9aaba3d29c8f537ac4b243e36bef957511b4766cb0057d32b0be85
regex==2026.7.19 --hash=sha256:09f3e5287f94f17b709dc9a9e70865855feee835c861613be144218ce4ca82cc
requests==2.34.2 --hash=sha256:2a0d60c172f83ac6ab31e4554906c0f3b3588d37b5cb939b1c061f4907e278e0
ruamel.yaml==0.19.1 --hash=sha256:27592957fedf6e0b62f281e96effd28043345e0e66001f97683aa9a40c667c93
safetensors==0.8.0 --hash=sha256:fd6f3f93c9a0a7cc2788ee63fb763353d4bd2e89b0751bc78fcf7dda00bea774
scikit-learn==1.9.0 --hash=sha256:f7e254636164090da847715a27f8e5478feb98c40a9e0ee90cbd277de9e5ceb8
scipy==1.17.1 --hash=sha256:43af8d1f3bea642559019edfe64e9b11192a8978efbd1539d7bc2aaa23d92de4
sentencepiece==0.2.2 --hash=sha256:1416b92f2f010333786fe6306ed2631121d5ea492219b0841e967b6765e64107
setuptools==84.0.0 --hash=sha256:51a52592b3b99e102b609654876bd65f19f999935166d1352678931132b0c670
shapely==2.1.2 --hash=sha256:136ab87b17e733e22f0961504d05e77e7be8c9b5a8184f685b4a91a84efe3c26
six==1.17.0 --hash=sha256:4721f391ed90541fddacab5acf947aa0d3dc7d27b2e1e8eda2be8970586c3274
sniffio==1.3.1 --hash=sha256:2f6da418d1f1e0fddd844478f41680e794e6051915791a034ff65e5f100525a2
soupsieve==2.9.2 --hash=sha256:8089a26fd974ca7a1f30276d3d8492ab266ab15af581642dfe8aa162e0c1c823
threadpoolctl==3.6.0 --hash=sha256:43a0b8fd5a2928500110039e43a5eed8480b918967083ea48dc3ab9f13c4a7fb
tiktoken==0.13.0 --hash=sha256:36217497eaffc158607a3b26f065300db2aefd43b115263f3b9688ce38146173
tokenizers==0.23.1 --hash=sha256:5075b405006415ea148a992d093699c66eb01952bf59f4d5727089a98bda45a4
tqdm==4.70.0 --hash=sha256:7f585706bfddbdebf89daac705b2dfcc16890130727d3197ca62c732b4310953
truststore==0.10.4 --hash=sha256:adaeaecf1cbb5f4de3b1959b42d41f6fab57b2b1666adb59e89cb0b53361d981
typing-inspection==0.4.4 --hash=sha256:65b8397ba37ccbce054456aaccddfc91e6e3083c92824df348d96ca832f3f147
typing_extensions==4.16.0 --hash=sha256:481caa481374e813c1b176ada14e97f1f67a4539ce9cfeb3f350d78d6370c2e8
ujson==5.13.0 --hash=sha256:e2282039eb26f08ed1a1381360395f8a310f39a45ef7314cb0f258a7d2917ea3
urllib3==2.7.0 --hash=sha256:9fb4c81ebbb1ce9531cce37674bbc6f1360472bc18ca9a553ede278ef7276897
wcwidth==0.8.2 --hash=sha256:d63947694a0539a1d51e01eda7caf800c291020e6cdd7e28ad7b14dd33ad4f85
xlsxwriter==3.2.9 --hash=sha256:9a5db42bc5dff014806c58a20b9eae7322a134abb6fce3c92c181bfb275ec5b3
yarl==1.24.5 --hash=sha256:570fec8fbd22b032733625f03f10b7ff023bc399213db15e72a7acaef28c2f4e
